
Microsoft Visual Studio Solution File, Format Version 12.00
# Visual Studio Version 16
VisualStudioVersion = 16.0.31205.134
MinimumVisualStudioVersion = 10.0.40219.1
Project("{8BC9CEB8-8B4A-11D0-8D11-00A0C91BC942}") = "Algorithm01", "Algorithm01\Algorithm01.vcxproj", "{F0C2D2F4-F8F9-41C0-A47B-ACC7F28EA0E7}"
EndProject
Project("{8BC9CEB8-8B4A-11D0-8D11-00A0C91BC942}") = "Coin", "Coin\Coin.vcxproj", "{C24FB49A-36F3-46C6-914F-13432E049AE7}"
EndProject
Project("{8BC9CEB8-8B4A-11D0-8D11-00A0C91BC942}") = "Bag", "Bag\Bag.vcxproj", "{D7E170AA-9FA6-4AB2-A2E7-11AF90F0BDE3}"
EndProject
Project("{8BC9CEB8-8B4A-11D0-8D11-00A0C91BC942}") = "exam1", "exam1\exam1.vcxproj", "{FD20071C-633F-4BE7-B6D5-17A101EC07CD}"
EndProject
Project("{8BC9CEB8-8B4A-11D0-8D11-00A0C91BC942}") = "BinarySearch", "BinarySearch\BinarySearch.vcxproj", "{8FEEB7CD-6F93-4927-AB5E-69FDD819DED2}"
EndProject
Project("{8BC9CEB8-8B4A-11D0-8D11-00A0C91BC942}") = "BSWorstOpCount", "BSWorstOpCount\BSWorstOpCount.vcxproj", "{B375774A-C885-4C1E-A02F-9282B5D1DC0B}"
EndProject
Project("{8BC9CEB8-8B4A-11D0-8D11-00A0C91BC942}") = "RecursiveFunc", "RecursiveFunc\RecursiveFunc.vcxproj", "{8D85A6ED-F78C-41F6-B31F-F7CD5066528A}"
EndProject
Project("{8BC9CEB8-8B4A-11D0-8D11-00A0C91BC942}") = "RecursiveFactorial", "RecursiveFactorial\RecursiveFactorial.vcxproj", "{D116FD1B-63D6-4B9C-A94B-23E0D626890A}"
EndProject
Project("{8BC9CEB8-8B4A-11D0-8D11-00A0C91BC942}") = "FibonacciFunc", "FibonacciFunc\FibonacciFunc.vcxproj", "{F39302E7-E8D9-4369-8ECD-6495EB22E4E4}"
EndProject
Project("{8BC9CEB8-8B4A-11D0-8D11-00A0C91BC942}") = "RecursiveBinarySearch", "RecursiveBinarySearch\RecursiveBinarySearch.vcxproj", "{97A23C3F-23D1-49B9-9A63-FFC770260510}"
EndProject
Project("{8BC9CEB8-8B4A-11D0-8D11-00A0C91BC942}") = "HanoiTowerSolu", "HanoiTowerSolu\HanoiTowerSolu.vcxproj", "{C9817494-4CBD-4EDF-BD34-2B848491E5D3}"
EndProject
Project("{8BC9CEB8-8B4A-11D0-8D11-00A0C91BC942}") = "ListMain", "ListMain\ListMain.vcxproj", "{DC2862D6-21B1-4D03-8011-745738A5EF46}"
EndProject
Project("{8BC9CEB8-8B4A-11D0-8D11-00A0C91BC942}") = "List", "List\List.vcxproj", "{1C44AF5A-7BCE-4964-8FE2-47049EE2D5F5}"
EndProject
Project("{8BC9CEB8-8B4A-11D0-8D11-00A0C91BC942}") = "Point", "Point\Point.vcxproj", "{FB24207C-FDD1-4B66-95BF-5C0D300AF23E}"
EndProject
Project("{8BC9CEB8-8B4A-11D0-8D11-00A0C91BC942}") = "RinkedRead", "ArrayRead\ArrayRead.vcxproj", "{B692C3C0-B744-47F4-999C-FC4B5A145FAE}"
EndProject
Project("{8BC9CEB8-8B4A-11D0-8D11-00A0C91BC942}") = "DLinkedList", "DLinkedList\DLinkedList.vcxproj", "{17285EC1-6A2C-4E15-8E6A-853CA61059BE}"
EndProject
Project("{8BC9CEB8-8B4A-11D0-8D11-00A0C91BC942}") = "hello", "hello\hello.vcxproj", "{70EAA233-F977-416B-B389-077895A297DD}"
EndProject
Project("{8BC9CEB8-8B4A-11D0-8D11-00A0C91BC942}") = "ArrayStack", "ArrayStack\ArrayStack.vcxproj", "{849B308E-4D8F-4680-9A60-52BB7EC77241}"
EndProject
Project("{8BC9CEB8-8B4A-11D0-8D11-00A0C91BC942}") = "ListBaseStack", "ListBaseStack\ListBaseStack.vcxproj", "{B83FE35D-102F-47F5-8931-07F7A6793887}"
EndProject
Project("{8BC9CEB8-8B4A-11D0-8D11-00A0C91BC942}") = "Calculator", "Calculator\Calculator.vcxproj", "{700B314B-5E9E-436B-B308-2FF7E4AB8833}"
EndProject
Project("{8BC9CEB8-8B4A-11D0-8D11-00A0C91BC942}") = "CircularQueue", "CircularQueue\CircularQueue.vcxproj", "{CBD210BB-F78A-4B50-8DE0-B5C5BF1B1F05}"
EndProject
Project("{8BC9CEB8-8B4A-11D0-8D11-00A0C91BC942}") = "ListBaseQueue", "ListBaseQueue\ListBaseQueue.vcxproj", "{8214ED8A-2FC9-472C-B8A3-49303EE8A589}"
EndProject
Project("{8BC9CEB8-8B4A-11D0-8D11-00A0C91BC942}") = "HamburgerSim", "HamburgerSim\HamburgerSim.vcxproj", "{4D139FBA-5B25-4E16-AAF2-0CEBB7947083}"
EndProject
Project("{8BC9CEB8-8B4A-11D0-8D11-00A0C91BC942}") = "Deque", "Deque\Deque.vcxproj", "{119EEE6C-277B-4572-9CB7-1BB81A0AC870}"
EndProject
Project("{8BC9CEB8-8B4A-11D0-8D11-00A0C91BC942}") = "BinaryTree", "BinaryTree.h\BinaryTree.h.vcxproj", "{A449F3B4-C71D-45B7-ADDB-0011DD9094A6}"
EndProject
Project("{8BC9CEB8-8B4A-11D0-8D11-00A0C91BC942}") = "BinaryTree2", "BinaryTree2\BinaryTree2.vcxproj", "{74A463E5-7240-48A3-8721-E56897331022}"
EndProject
Project("{8BC9CEB8-8B4A-11D0-8D11-00A0C91BC942}") = "ExpreessionTree2", "ExpreessionTree2\ExpreessionTree2.vcxproj", "{0D354001-159F-4D8E-B414-6D4F67E1AD4B}"
EndProject
Project("{8BC9CEB8-8B4A-11D0-8D11-00A0C91BC942}") = "SimpleHeap", "Project1\Project1.vcxproj", "{97FD70B4-F6E2-4499-A10F-2286B71189AD}"
EndProject
Project("{8BC9CEB8-8B4A-11D0-8D11-00A0C91BC942}") = "Project2", "Project2\Project2.vcxproj", "{7C32D738-2510-450F-A955-E70606745EBA}"
EndProject
Project("{8BC9CEB8-8B4A-11D0-8D11-00A0C91BC942}") = "BubbleSort", "BubbleSort\BubbleSort.vcxproj", "{B4BC7570-BD09-4930-ABB3-5454567C0020}"
EndProject
Project("{8BC9CEB8-8B4A-11D0-8D11-00A0C91BC942}") = "SelectionSort", "SelectionSort\SelectionSort.vcxproj", "{EEDBC5DB-06D1-4688-A7DF-43A6C93990C1}"
EndProject
Project("{8BC9CEB8-8B4A-11D0-8D11-00A0C91BC942}") = "InsertionSort", "InsertionSort\InsertionSort.vcxproj", "{2650267C-3811-49D9-AB8A-6C90E78E12F5}"
EndProject
Global
	GlobalSection(SolutionConfigurationPlatforms) = preSolution
		Debug|x64 = Debug|x64
		Debug|x86 = Debug|x86
		Release|x64 = Release|x64
		Release|x86 = Release|x86
	EndGlobalSection
	GlobalSection(ProjectConfigurationPlatforms) = postSolution
		{F0C2D2F4-F8F9-41C0-A47B-ACC7F28EA0E7}.Debug|x64.ActiveCfg = Debug|x64
		{F0C2D2F4-F8F9-41C0-A47B-ACC7F28EA0E7}.Debug|x64.Build.0 = Debug|x64
		{F0C2D2F4-F8F9-41C0-A47B-ACC7F28EA0E7}.Debug|x86.ActiveCfg = Debug|Win32
		{F0C2D2F4-F8F9-41C0-A47B-ACC7F28EA0E7}.Debug|x86.Build.0 = Debug|Win32
		{F0C2D2F4-F8F9-41C0-A47B-ACC7F28EA0E7}.Release|x64.ActiveCfg = Release|x64
		{F0C2D2F4-F8F9-41C0-A47B-ACC7F28EA0E7}.Release|x64.Build.0 = Release|x64
		{F0C2D2F4-F8F9-41C0-A47B-ACC7F28EA0E7}.Release|x86.ActiveCfg = Release|Win32
		{F0C2D2F4-F8F9-41C0-A47B-ACC7F28EA0E7}.Release|x86.Build.0 = Release|Win32
		{C24FB49A-36F3-46C6-914F-13432E049AE7}.Debug|x64.ActiveCfg = Debug|x64
		{C24FB49A-36F3-46C6-914F-13432E049AE7}.Debug|x64.Build.0 = Debug|x64
		{C24FB49A-36F3-46C6-914F-13432E049AE7}.Debug|x86.ActiveCfg = Debug|Win32
		{C24FB49A-36F3-46C6-914F-13432E049AE7}.Debug|x86.Build.0 = Debug|Win32
		{C24FB49A-36F3-46C6-914F-13432E049AE7}.Release|x64.ActiveCfg = Release|x64
		{C24FB49A-36F3-46C6-914F-13432E049AE7}.Release|x64.Build.0 = Release|x64
		{C24FB49A-36F3-46C6-914F-13432E049AE7}.Release|x86.ActiveCfg = Release|Win32
		{C24FB49A-36F3-46C6-914F-13432E049AE7}.Release|x86.Build.0 = Release|Win32
		{D7E170AA-9FA6-4AB2-A2E7-11AF90F0BDE3}.Debug|x64.ActiveCfg = Debug|x64
		{D7E170AA-9FA6-4AB2-A2E7-11AF90F0BDE3}.Debug|x64.Build.0 = Debug|x64
		{D7E170AA-9FA6-4AB2-A2E7-11AF90F0BDE3}.Debug|x86.ActiveCfg = Debug|Win32
		{D7E170AA-9FA6-4AB2-A2E7-11AF90F0BDE3}.Debug|x86.Build.0 = Debug|Win32
		{D7E170AA-9FA6-4AB2-A2E7-11AF90F0BDE3}.Release|x64.ActiveCfg = Release|x64
		{D7E170AA-9FA6-4AB2-A2E7-11AF90F0BDE3}.Release|x64.Build.0 = Release|x64
		{D7E170AA-9FA6-4AB2-A2E7-11AF90F0BDE3}.Release|x86.ActiveCfg = Release|Win32
		{D7E170AA-9FA6-4AB2-A2E7-11AF90F0BDE3}.Release|x86.Build.0 = Release|Win32
		{FD20071C-633F-4BE7-B6D5-17A101EC07CD}.Debug|x64.ActiveCfg = Debug|x64
		{FD20071C-633F-4BE7-B6D5-17A101EC07CD}.Debug|x64.Build.0 = Debug|x64
		{FD20071C-633F-4BE7-B6D5-17A101EC07CD}.Debug|x86.ActiveCfg = Debug|Win32
		{FD20071C-633F-4BE7-B6D5-17A101EC07CD}.Debug|x86.Build.0 = Debug|Win32
		{FD20071C-633F-4BE7-B6D5-17A101EC07CD}.Release|x64.ActiveCfg = Release|x64
		{FD20071C-633F-4BE7-B6D5-17A101EC07CD}.Release|x64.Build.0 = Release|x64
		{FD20071C-633F-4BE7-B6D5-17A101EC07CD}.Release|x86.ActiveCfg = Release|Win32
		{FD20071C-633F-4BE7-B6D5-17A101EC07CD}.Release|x86.Build.0 = Release|Win32
		{8FEEB7CD-6F93-4927-AB5E-69FDD819DED2}.Debug|x64.ActiveCfg = Debug|x64
		{8FEEB7CD-6F93-4927-AB5E-69FDD819DED2}.Debug|x64.Build.0 = Debug|x64
		{8FEEB7CD-6F93-4927-AB5E-69FDD819DED2}.Debug|x86.ActiveCfg = Debug|Win32
		{8FEEB7CD-6F93-4927-AB5E-69FDD819DED2}.Debug|x86.Build.0 = Debug|Win32
		{8FEEB7CD-6F93-4927-AB5E-69FDD819DED2}.Release|x64.ActiveCfg = Release|x64
		{8FEEB7CD-6F93-4927-AB5E-69FDD819DED2}.Release|x64.Build.0 = Release|x64
		{8FEEB7CD-6F93-4927-AB5E-69FDD819DED2}.Release|x86.ActiveCfg = Release|Win32
		{8FEEB7CD-6F93-4927-AB5E-69FDD819DED2}.Release|x86.Build.0 = Release|Win32
		{B375774A-C885-4C1E-A02F-9282B5D1DC0B}.Debug|x64.ActiveCfg = Debug|x64
		{B375774A-C885-4C1E-A02F-9282B5D1DC0B}.Debug|x64.Build.0 = Debug|x64
		{B375774A-C885-4C1E-A02F-9282B5D1DC0B}.Debug|x86.ActiveCfg = Debug|Win32
		{B375774A-C885-4C1E-A02F-9282B5D1DC0B}.Debug|x86.Build.0 = Debug|Win32
		{B375774A-C885-4C1E-A02F-9282B5D1DC0B}.Release|x64.ActiveCfg = Release|x64
		{B375774A-C885-4C1E-A02F-9282B5D1DC0B}.Release|x64.Build.0 = Release|x64
		{B375774A-C885-4C1E-A02F-9282B5D1DC0B}.Release|x86.ActiveCfg = Release|Win32
		{B375774A-C885-4C1E-A02F-9282B5D1DC0B}.Release|x86.Build.0 = Release|Win32
		{8D85A6ED-F78C-41F6-B31F-F7CD5066528A}.Debug|x64.ActiveCfg = Debug|x64
		{8D85A6ED-F78C-41F6-B31F-F7CD5066528A}.Debug|x64.Build.0 = Debug|x64
		{8D85A6ED-F78C-41F6-B31F-F7CD5066528A}.Debug|x86.ActiveCfg = Debug|Win32
		{8D85A6ED-F78C-41F6-B31F-F7CD5066528A}.Debug|x86.Build.0 = Debug|Win32
		{8D85A6ED-F78C-41F6-B31F-F7CD5066528A}.Release|x64.ActiveCfg = Release|x64
		{8D85A6ED-F78C-41F6-B31F-F7CD5066528A}.Release|x64.Build.0 = Release|x64
		{8D85A6ED-F78C-41F6-B31F-F7CD5066528A}.Release|x86.ActiveCfg = Release|Win32
		{8D85A6ED-F78C-41F6-B31F-F7CD5066528A}.Release|x86.Build.0 = Release|Win32
		{D116FD1B-63D6-4B9C-A94B-23E0D626890A}.Debug|x64.ActiveCfg = Debug|x64
		{D116FD1B-63D6-4B9C-A94B-23E0D626890A}.Debug|x64.Build.0 = Debug|x64
		{D116FD1B-63D6-4B9C-A94B-23E0D626890A}.Debug|x86.ActiveCfg = Debug|Win32
		{D116FD1B-63D6-4B9C-A94B-23E0D626890A}.Debug|x86.Build.0 = Debug|Win32
		{D116FD1B-63D6-4B9C-A94B-23E0D626890A}.Release|x64.ActiveCfg = Release|x64
		{D116FD1B-63D6-4B9C-A94B-23E0D626890A}.Release|x64.Build.0 = Release|x64
		{D116FD1B-63D6-4B9C-A94B-23E0D626890A}.Release|x86.ActiveCfg = Release|Win32
		{D116FD1B-63D6-4B9C-A94B-23E0D626890A}.Release|x86.Build.0 = Release|Win32
		{F39302E7-E8D9-4369-8ECD-6495EB22E4E4}.Debug|x64.ActiveCfg = Debug|x64
		{F39302E7-E8D9-4369-8ECD-6495EB22E4E4}.Debug|x64.Build.0 = Debug|x64
		{F39302E7-E8D9-4369-8ECD-6495EB22E4E4}.Debug|x86.ActiveCfg = Debug|Win32
		{F39302E7-E8D9-4369-8ECD-6495EB22E4E4}.Debug|x86.Build.0 = Debug|Win32
		{F39302E7-E8D9-4369-8ECD-6495EB22E4E4}.Release|x64.ActiveCfg = Release|x64
		{F39302E7-E8D9-4369-8ECD-6495EB22E4E4}.Release|x64.Build.0 = Release|x64
		{F39302E7-E8D9-4369-8ECD-6495EB22E4E4}.Release|x86.ActiveCfg = Release|Win32
		{F39302E7-E8D9-4369-8ECD-6495EB22E4E4}.Release|x86.Build.0 = Release|Win32
		{97A23C3F-23D1-49B9-9A63-FFC770260510}.Debug|x64.ActiveCfg = Debug|x64
		{97A23C3F-23D1-49B9-9A63-FFC770260510}.Debug|x64.Build.0 = Debug|x64
		{97A23C3F-23D1-49B9-9A63-FFC770260510}.Debug|x86.ActiveCfg = Debug|Win32
		{97A23C3F-23D1-49B9-9A63-FFC770260510}.Debug|x86.Build.0 = Debug|Win32
		{97A23C3F-23D1-49B9-9A63-FFC770260510}.Release|x64.ActiveCfg = Release|x64
		{97A23C3F-23D1-49B9-9A63-FFC770260510}.Release|x64.Build.0 = Release|x64
		{97A23C3F-23D1-49B9-9A63-FFC770260510}.Release|x86.ActiveCfg = Release|Win32
		{97A23C3F-23D1-49B9-9A63-FFC770260510}.Release|x86.Build.0 = Release|Win32
		{C9817494-4CBD-4EDF-BD34-2B848491E5D3}.Debug|x64.ActiveCfg = Debug|x64
		{C9817494-4CBD-4EDF-BD34-2B848491E5D3}.Debug|x64.Build.0 = Debug|x64
		{C9817494-4CBD-4EDF-BD34-2B848491E5D3}.Debug|x86.ActiveCfg = Debug|Win32
		{C9817494-4CBD-4EDF-BD34-2B848491E5D3}.Debug|x86.Build.0 = Debug|Win32
		{C9817494-4CBD-4EDF-BD34-2B848491E5D3}.Release|x64.ActiveCfg = Release|x64
		{C9817494-4CBD-4EDF-BD34-2B848491E5D3}.Release|x64.Build.0 = Release|x64
		{C9817494-4CBD-4EDF-BD34-2B848491E5D3}.Release|x86.ActiveCfg = Release|Win32
		{C9817494-4CBD-4EDF-BD34-2B848491E5D3}.Release|x86.Build.0 = Release|Win32
		{DC2862D6-21B1-4D03-8011-745738A5EF46}.Debug|x64.ActiveCfg = Debug|x64
		{DC2862D6-21B1-4D03-8011-745738A5EF46}.Debug|x64.Build.0 = Debug|x64
		{DC2862D6-21B1-4D03-8011-745738A5EF46}.Debug|x86.ActiveCfg = Debug|Win32
		{DC2862D6-21B1-4D03-8011-745738A5EF46}.Debug|x86.Build.0 = Debug|Win32
		{DC2862D6-21B1-4D03-8011-745738A5EF46}.Release|x64.ActiveCfg = Release|x64
		{DC2862D6-21B1-4D03-8011-745738A5EF46}.Release|x64.Build.0 = Release|x64
		{DC2862D6-21B1-4D03-8011-745738A5EF46}.Release|x86.ActiveCfg = Release|Win32
		{DC2862D6-21B1-4D03-8011-745738A5EF46}.Release|x86.Build.0 = Release|Win32
		{1C44AF5A-7BCE-4964-8FE2-47049EE2D5F5}.Debug|x64.ActiveCfg = Debug|x64
		{1C44AF5A-7BCE-4964-8FE2-47049EE2D5F5}.Debug|x64.Build.0 = Debug|x64
		{1C44AF5A-7BCE-4964-8FE2-47049EE2D5F5}.Debug|x86.ActiveCfg = Debug|Win32
		{1C44AF5A-7BCE-4964-8FE2-47049EE2D5F5}.Debug|x86.Build.0 = Debug|Win32
		{1C44AF5A-7BCE-4964-8FE2-47049EE2D5F5}.Release|x64.ActiveCfg = Release|x64
		{1C44AF5A-7BCE-4964-8FE2-47049EE2D5F5}.Release|x64.Build.0 = Release|x64
		{1C44AF5A-7BCE-4964-8FE2-47049EE2D5F5}.Release|x86.ActiveCfg = Release|Win32
		{1C44AF5A-7BCE-4964-8FE2-47049EE2D5F5}.Release|x86.Build.0 = Release|Win32
		{FB24207C-FDD1-4B66-95BF-5C0D300AF23E}.Debug|x64.ActiveCfg = Debug|x64
		{FB24207C-FDD1-4B66-95BF-5C0D300AF23E}.Debug|x64.Build.0 = Debug|x64
		{FB24207C-FDD1-4B66-95BF-5C0D300AF23E}.Debug|x86.ActiveCfg = Debug|Win32
		{FB24207C-FDD1-4B66-95BF-5C0D300AF23E}.Debug|x86.Build.0 = Debug|Win32
		{FB24207C-FDD1-4B66-95BF-5C0D300AF23E}.Release|x64.ActiveCfg = Release|x64
		{FB24207C-FDD1-4B66-95BF-5C0D300AF23E}.Release|x64.Build.0 = Release|x64
		{FB24207C-FDD1-4B66-95BF-5C0D300AF23E}.Release|x86.ActiveCfg = Release|Win32
		{FB24207C-FDD1-4B66-95BF-5C0D300AF23E}.Release|x86.Build.0 = Release|Win32
		{B692C3C0-B744-47F4-999C-FC4B5A145FAE}.Debug|x64.ActiveCfg = Debug|x64
		{B692C3C0-B744-47F4-999C-FC4B5A145FAE}.Debug|x64.Build.0 = Debug|x64
		{B692C3C0-B744-47F4-999C-FC4B5A145FAE}.Debug|x86.ActiveCfg = Debug|Win32
		{B692C3C0-B744-47F4-999C-FC4B5A145FAE}.Debug|x86.Build.0 = Debug|Win32
		{B692C3C0-B744-47F4-999C-FC4B5A145FAE}.Release|x64.ActiveCfg = Release|x64
		{B692C3C0-B744-47F4-999C-FC4B5A145FAE}.Release|x64.Build.0 = Release|x64
		{B692C3C0-B744-47F4-999C-FC4B5A145FAE}.Release|x86.ActiveCfg = Release|Win32
		{B692C3C0-B744-47F4-999C-FC4B5A145FAE}.Release|x86.Build.0 = Release|Win32
		{17285EC1-6A2C-4E15-8E6A-853CA61059BE}.Debug|x64.ActiveCfg = Debug|x64
		{17285EC1-6A2C-4E15-8E6A-853CA61059BE}.Debug|x64.Build.0 = Debug|x64
		{17285EC1-6A2C-4E15-8E6A-853CA61059BE}.Debug|x86.ActiveCfg = Debug|Win32
		{17285EC1-6A2C-4E15-8E6A-853CA61059BE}.Debug|x86.Build.0 = Debug|Win32
		{17285EC1-6A2C-4E15-8E6A-853CA61059BE}.Release|x64.ActiveCfg = Release|x64
		{17285EC1-6A2C-4E15-8E6A-853CA61059BE}.Release|x64.Build.0 = Release|x64
		{17285EC1-6A2C-4E15-8E6A-853CA61059BE}.Release|x86.ActiveCfg = Release|Win32
		{17285EC1-6A2C-4E15-8E6A-853CA61059BE}.Release|x86.Build.0 = Release|Win32
		{70EAA233-F977-416B-B389-077895A297DD}.Debug|x64.ActiveCfg = Debug|x64
		{70EAA233-F977-416B-B389-077895A297DD}.Debug|x64.Build.0 = Debug|x64
		{70EAA233-F977-416B-B389-077895A297DD}.Debug|x86.ActiveCfg = Debug|Win32
		{70EAA233-F977-416B-B389-077895A297DD}.Debug|x86.Build.0 = Debug|Win32
		{70EAA233-F977-416B-B389-077895A297DD}.Release|x64.ActiveCfg = Release|x64
		{70EAA233-F977-416B-B389-077895A297DD}.Release|x64.Build.0 = Release|x64
		{70EAA233-F977-416B-B389-077895A297DD}.Release|x86.ActiveCfg = Release|Win32
		{70EAA233-F977-416B-B389-077895A297DD}.Release|x86.Build.0 = Release|Win32
		{849B308E-4D8F-4680-9A60-52BB7EC77241}.Debug|x64.ActiveCfg = Debug|x64
		{849B308E-4D8F-4680-9A60-52BB7EC77241}.Debug|x64.Build.0 = Debug|x64
		{849B308E-4D8F-4680-9A60-52BB7EC77241}.Debug|x86.ActiveCfg = Debug|Win32
		{849B308E-4D8F-4680-9A60-52BB7EC77241}.Debug|x86.Build.0 = Debug|Win32
		{849B308E-4D8F-4680-9A60-52BB7EC77241}.Release|x64.ActiveCfg = Release|x64
		{849B308E-4D8F-4680-9A60-52BB7EC77241}.Release|x64.Build.0 = Release|x64
		{849B308E-4D8F-4680-9A60-52BB7EC77241}.Release|x86.ActiveCfg = Release|Win32
		{849B308E-4D8F-4680-9A60-52BB7EC77241}.Release|x86.Build.0 = Release|Win32
		{B83FE35D-102F-47F5-8931-07F7A6793887}.Debug|x64.ActiveCfg = Debug|x64
		{B83FE35D-102F-47F5-8931-07F7A6793887}.Debug|x64.Build.0 = Debug|x64
		{B83FE35D-102F-47F5-8931-07F7A6793887}.Debug|x86.ActiveCfg = Debug|Win32
		{B83FE35D-102F-47F5-8931-07F7A6793887}.Debug|x86.Build.0 = Debug|Win32
		{B83FE35D-102F-47F5-8931-07F7A6793887}.Release|x64.ActiveCfg = Release|x64
		{B83FE35D-102F-47F5-8931-07F7A6793887}.Release|x64.Build.0 = Release|x64
		{B83FE35D-102F-47F5-8931-07F7A6793887}.Release|x86.ActiveCfg = Release|Win32
		{B83FE35D-102F-47F5-8931-07F7A6793887}.Release|x86.Build.0 = Release|Win32
		{700B314B-5E9E-436B-B308-2FF7E4AB8833}.Debug|x64.ActiveCfg = Debug|x64
		{700B314B-5E9E-436B-B308-2FF7E4AB8833}.Debug|x64.Build.0 = Debug|x64
		{700B314B-5E9E-436B-B308-2FF7E4AB8833}.Debug|x86.ActiveCfg = Debug|Win32
		{700B314B-5E9E-436B-B308-2FF7E4AB8833}.Debug|x86.Build.0 = Debug|Win32
		{700B314B-5E9E-436B-B308-2FF7E4AB8833}.Release|x64.ActiveCfg = Release|x64
		{700B314B-5E9E-436B-B308-2FF7E4AB8833}.Release|x64.Build.0 = Release|x64
		{700B314B-5E9E-436B-B308-2FF7E4AB8833}.Release|x86.ActiveCfg = Release|Win32
		{700B314B-5E9E-436B-B308-2FF7E4AB8833}.Release|x86.Build.0 = Release|Win32
		{CBD210BB-F78A-4B50-8DE0-B5C5BF1B1F05}.Debug|x64.ActiveCfg = Debug|x64
		{CBD210BB-F78A-4B50-8DE0-B5C5BF1B1F05}.Debug|x64.Build.0 = Debug|x64
		{CBD210BB-F78A-4B50-8DE0-B5C5BF1B1F05}.Debug|x86.ActiveCfg = Debug|Win32
		{CBD210BB-F78A-4B50-8DE0-B5C5BF1B1F05}.Debug|x86.Build.0 = Debug|Win32
		{CBD210BB-F78A-4B50-8DE0-B5C5BF1B1F05}.Release|x64.ActiveCfg = Release|x64
		{CBD210BB-F78A-4B50-8DE0-B5C5BF1B1F05}.Release|x64.Build.0 = Release|x64
		{CBD210BB-F78A-4B50-8DE0-B5C5BF1B1F05}.Release|x86.ActiveCfg = Release|Win32
		{CBD210BB-F78A-4B50-8DE0-B5C5BF1B1F05}.Release|x86.Build.0 = Release|Win32
		{8214ED8A-2FC9-472C-B8A3-49303EE8A589}.Debug|x64.ActiveCfg = Debug|x64
		{8214ED8A-2FC9-472C-B8A3-49303EE8A589}.Debug|x64.Build.0 = Debug|x64
		{8214ED8A-2FC9-472C-B8A3-49303EE8A589}.Debug|x86.ActiveCfg = Debug|Win32
		{8214ED8A-2FC9-472C-B8A3-49303EE8A589}.Debug|x86.Build.0 = Debug|Win32
		{8214ED8A-2FC9-472C-B8A3-49303EE8A589}.Release|x64.ActiveCfg = Release|x64
		{8214ED8A-2FC9-472C-B8A3-49303EE8A589}.Release|x64.Build.0 = Release|x64
		{8214ED8A-2FC9-472C-B8A3-49303EE8A589}.Release|x86.ActiveCfg = Release|Win32
		{8214ED8A-2FC9-472C-B8A3-49303EE8A589}.Release|x86.Build.0 = Release|Win32
		{4D139FBA-5B25-4E16-AAF2-0CEBB7947083}.Debug|x64.ActiveCfg = Debug|x64
		{4D139FBA-5B25-4E16-AAF2-0CEBB7947083}.Debug|x64.Build.0 = Debug|x64
		{4D139FBA-5B25-4E16-AAF2-0CEBB7947083}.Debug|x86.ActiveCfg = Debug|Win32
		{4D139FBA-5B25-4E16-AAF2-0CEBB7947083}.Debug|x86.Build.0 = Debug|Win32
		{4D139FBA-5B25-4E16-AAF2-0CEBB7947083}.Release|x64.ActiveCfg = Release|x64
		{4D139FBA-5B25-4E16-AAF2-0CEBB7947083}.Release|x64.Build.0 = Release|x64
		{4D139FBA-5B25-4E16-AAF2-0CEBB7947083}.Release|x86.ActiveCfg = Release|Win32
		{4D139FBA-5B25-4E16-AAF2-0CEBB7947083}.Release|x86.Build.0 = Release|Win32
		{119EEE6C-277B-4572-9CB7-1BB81A0AC870}.Debug|x64.ActiveCfg = Debug|x64
		{119EEE6C-277B-4572-9CB7-1BB81A0AC870}.Debug|x64.Build.0 = Debug|x64
		{119EEE6C-277B-4572-9CB7-1BB81A0AC870}.Debug|x86.ActiveCfg = Debug|Win32
		{119EEE6C-277B-4572-9CB7-1BB81A0AC870}.Debug|x86.Build.0 = Debug|Win32
		{119EEE6C-277B-4572-9CB7-1BB81A0AC870}.Release|x64.ActiveCfg = Release|x64
		{119EEE6C-277B-4572-9CB7-1BB81A0AC870}.Release|x64.Build.0 = Release|x64
		{119EEE6C-277B-4572-9CB7-1BB81A0AC870}.Release|x86.ActiveCfg = Release|Win32
		{119EEE6C-277B-4572-9CB7-1BB81A0AC870}.Release|x86.Build.0 = Release|Win32
		{A449F3B4-C71D-45B7-ADDB-0011DD9094A6}.Debug|x64.ActiveCfg = Debug|x64
		{A449F3B4-C71D-45B7-ADDB-0011DD9094A6}.Debug|x64.Build.0 = Debug|x64
		{A449F3B4-C71D-45B7-ADDB-0011DD9094A6}.Debug|x86.ActiveCfg = Debug|Win32
		{A449F3B4-C71D-45B7-ADDB-0011DD9094A6}.Debug|x86.Build.0 = Debug|Win32
		{A449F3B4-C71D-45B7-ADDB-0011DD9094A6}.Release|x64.ActiveCfg = Release|x64
		{A449F3B4-C71D-45B7-ADDB-0011DD9094A6}.Release|x64.Build.0 = Release|x64
		{A449F3B4-C71D-45B7-ADDB-0011DD9094A6}.Release|x86.ActiveCfg = Release|Win32
		{A449F3B4-C71D-45B7-ADDB-0011DD9094A6}.Release|x86.Build.0 = Release|Win32
		{74A463E5-7240-48A3-8721-E56897331022}.Debug|x64.ActiveCfg = Debug|x64
		{74A463E5-7240-48A3-8721-E56897331022}.Debug|x64.Build.0 = Debug|x64
		{74A463E5-7240-48A3-8721-E56897331022}.Debug|x86.ActiveCfg = Debug|Win32
		{74A463E5-7240-48A3-8721-E56897331022}.Debug|x86.Build.0 = Debug|Win32
		{74A463E5-7240-48A3-8721-E56897331022}.Release|x64.ActiveCfg = Release|x64
		{74A463E5-7240-48A3-8721-E56897331022}.Release|x64.Build.0 = Release|x64
		{74A463E5-7240-48A3-8721-E56897331022}.Release|x86.ActiveCfg = Release|Win32
		{74A463E5-7240-48A3-8721-E56897331022}.Release|x86.Build.0 = Release|Win32
		{0D354001-159F-4D8E-B414-6D4F67E1AD4B}.Debug|x64.ActiveCfg = Debug|x64
		{0D354001-159F-4D8E-B414-6D4F67E1AD4B}.Debug|x64.Build.0 = Debug|x64
		{0D354001-159F-4D8E-B414-6D4F67E1AD4B}.Debug|x86.ActiveCfg = Debug|Win32
		{0D354001-159F-4D8E-B414-6D4F67E1AD4B}.Debug|x86.Build.0 = Debug|Win32
		{0D354001-159F-4D8E-B414-6D4F67E1AD4B}.Release|x64.ActiveCfg = Release|x64
		{0D354001-159F-4D8E-B414-6D4F67E1AD4B}.Release|x64.Build.0 = Release|x64
		{0D354001-159F-4D8E-B414-6D4F67E1AD4B}.Release|x86.ActiveCfg = Release|Win32
		{0D354001-159F-4D8E-B414-6D4F67E1AD4B}.Release|x86.Build.0 = Release|Win32
		{97FD70B4-F6E2-4499-A10F-2286B71189AD}.Debug|x64.ActiveCfg = Debug|x64
		{97FD70B4-F6E2-4499-A10F-2286B71189AD}.Debug|x64.Build.0 = Debug|x64
		{97FD70B4-F6E2-4499-A10F-2286B71189AD}.Debug|x86.ActiveCfg = Debug|Win32
		{97FD70B4-F6E2-4499-A10F-2286B71189AD}.Debug|x86.Build.0 = Debug|Win32
		{97FD70B4-F6E2-4499-A10F-2286B71189AD}.Release|x64.ActiveCfg = Release|x64
		{97FD70B4-F6E2-4499-A10F-2286B71189AD}.Release|x64.Build.0 = Release|x64
		{97FD70B4-F6E2-4499-A10F-2286B71189AD}.Release|x86.ActiveCfg = Release|Win32
		{97FD70B4-F6E2-4499-A10F-2286B71189AD}.Release|x86.Build.0 = Release|Win32
		{7C32D738-2510-450F-A955-E70606745EBA}.Debug|x64.ActiveCfg = Debug|x64
		{7C32D738-2510-450F-A955-E70606745EBA}.Debug|x64.Build.0 = Debug|x64
		{7C32D738-2510-450F-A955-E70606745EBA}.Debug|x86.ActiveCfg = Debug|Win32
		{7C32D738-2510-450F-A955-E70606745EBA}.Debug|x86.Build.0 = Debug|Win32
		{7C32D738-2510-450F-A955-E70606745EBA}.Release|x64.ActiveCfg = Release|x64
		{7C32D738-2510-450F-A955-E70606745EBA}.Release|x64.Build.0 = Release|x64
		{7C32D738-2510-450F-A955-E70606745EBA}.Release|x86.ActiveCfg = Release|Win32
		{7C32D738-2510-450F-A955-E70606745EBA}.Release|x86.Build.0 = Release|Win32
		{B4BC7570-BD09-4930-ABB3-5454567C0020}.Debug|x64.ActiveCfg = Debug|x64
		{B4BC7570-BD09-4930-ABB3-5454567C0020}.Debug|x64.Build.0 = Debug|x64
		{B4BC7570-BD09-4930-ABB3-5454567C0020}.Debug|x86.ActiveCfg = Debug|Win32
		{B4BC7570-BD09-4930-ABB3-5454567C0020}.Debug|x86.Build.0 = Debug|Win32
		{B4BC7570-BD09-4930-ABB3-5454567C0020}.Release|x64.ActiveCfg = Release|x64
		{B4BC7570-BD09-4930-ABB3-5454567C0020}.Release|x64.Build.0 = Release|x64
		{B4BC7570-BD09-4930-ABB3-5454567C0020}.Release|x86.ActiveCfg = Release|Win32
		{B4BC7570-BD09-4930-ABB3-5454567C0020}.Release|x86.Build.0 = Release|Win32
		{EEDBC5DB-06D1-4688-A7DF-43A6C93990C1}.Debug|x64.ActiveCfg = Debug|x64
		{EEDBC5DB-06D1-4688-A7DF-43A6C93990C1}.Debug|x64.Build.0 = Debug|x64
		{EEDBC5DB-06D1-4688-A7DF-43A6C93990C1}.Debug|x86.ActiveCfg = Debug|Win32
		{EEDBC5DB-06D1-4688-A7DF-43A6C93990C1}.Debug|x86.Build.0 = Debug|Win32
		{EEDBC5DB-06D1-4688-A7DF-43A6C93990C1}.Release|x64.ActiveCfg = Release|x64
		{EEDBC5DB-06D1-4688-A7DF-43A6C93990C1}.Release|x64.Build.0 = Release|x64
		{EEDBC5DB-06D1-4688-A7DF-43A6C93990C1}.Release|x86.ActiveCfg = Release|Win32
		{EEDBC5DB-06D1-4688-A7DF-43A6C93990C1}.Release|x86.Build.0 = Release|Win32
		{2650267C-3811-49D9-AB8A-6C90E78E12F5}.Debug|x64.ActiveCfg = Debug|x64
		{2650267C-3811-49D9-AB8A-6C90E78E12F5}.Debug|x64.Build.0 = Debug|x64
		{2650267C-3811-49D9-AB8A-6C90E78E12F5}.Debug|x86.ActiveCfg = Debug|Win32
		{2650267C-3811-49D9-AB8A-6C90E78E12F5}.Debug|x86.Build.0 = Debug|Win32
		{2650267C-3811-49D9-AB8A-6C90E78E12F5}.Release|x64.ActiveCfg = Release|x64
		{2650267C-3811-49D9-AB8A-6C90E78E12F5}.Release|x64.Build.0 = Release|x64
		{2650267C-3811-49D9-AB8A-6C90E78E12F5}.Release|x86.ActiveCfg = Release|Win32
		{2650267C-3811-49D9-AB8A-6C90E78E12F5}.Release|x86.Build.0 = Release|Win32
	EndGlobalSection
	GlobalSection(SolutionProperties) = preSolution
		HideSolutionNode = FALSE
	EndGlobalSection
	GlobalSection(ExtensibilityGlobals) = postSolution
		SolutionGuid = {BCBDD7B2-55C8-417D-8CD3-8B32B2013633}
	EndGlobalSection
EndGlobal
